
Microsoft Visual Studio Solution File, Format Version 12.00
# Visual Studio 2013
VisualStudioVersion = 12.0.40629.0
MinimumVisualStudioVersion = 10.0.40219.1
Project("{FAE04EC0-301F-11D3-BF4B-00C04F79EFBC}") = "Demonstrator", "Demonstrator\Demonstrator.csproj", "{216A0D18-0356-46F2-9B61-D1D676C92FF2}"
EndProject
Project("{FAE04EC0-301F-11D3-BF4B-00C04F79EFBC}") = "DemonstratorTests", "DemonstratorTests\DemonstratorTests.csproj", "{828F8267-F7E1-4F28-A696-7D9B8B3F05AC}"
EndProject
Global
	GlobalSection(SolutionConfigurationPlatforms) = preSolution
		Debug|Any CPU = Debug|Any CPU
		Release|Any CPU = Release|Any CPU
	EndGlobalSection
	GlobalSection(ProjectConfigurationPlatforms) = postSolution
		{216A0D18-0356-46F2-9B61-D1D676C92FF2}.Debug|Any CPU.ActiveCfg = Debug|Any CPU
		{216A0D18-0356-46F2-9B61-D1D676C92FF2}.Debug|Any CPU.Build.0 = Debug|Any CPU
		{216A0D18-0356-46F2-9B61-D1D676C92FF2}.Release|Any CPU.ActiveCfg = Release|Any CPU
		{216A0D18-0356-46F2-9B61-D1D676C92FF2}.Release|Any CPU.Build.0 = Release|Any CPU
		{828F8267-F7E1-4F28-A696-7D9B8B3F05AC}.Debug|Any CPU.ActiveCfg = Debug|Any CPU
		{828F8267-F7E1-4F28-A696-7D9B8B3F05AC}.Debug|Any CPU.Build.0 = Debug|Any CPU
		{828F8267-F7E1-4F28-A696-7D9B8B3F05AC}.Release|Any CPU.ActiveCfg = Release|Any CPU
		{828F8267-F7E1-4F28-A696-7D9B8B3F05AC}.Release|Any CPU.Build.0 = Release|Any CPU
	EndGlobalSection
	GlobalSection(SolutionProperties) = preSolution
		HideSolutionNode = FALSE
	EndGlobalSection
EndGlobal
